
Microsoft Visual Studio Solution File, Format Version 12.00
# Visual Studio Version 16
VisualStudioVersion = 16.0.29509.3
MinimumVisualStudioVersion = 10.0.40219.1
Project("{FAE04EC0-301F-11D3-BF4B-00C04F79EFBC}") = "SerialPort-0AA", "SerialPort-0AA.csproj", "{38AED2D6-EED1-45F0-93A2-FCEB6B8CFFD7}"
EndProject
Global
	GlobalSection(SolutionConfigurationPlatforms) = preSolution
		Debug|Any CPU = Debug|Any CPU
		Release|Any CPU = Release|Any CPU
	EndGlobalSection
	GlobalSection(ProjectConfigurationPlatforms) = postSolution
		{38AED2D6-EED1-45F0-93A2-FCEB6B8CFFD7}.Debug|Any CPU.ActiveCfg = Debug|Any CPU
		{38AED2D6-EED1-45F0-93A2-FCEB6B8CFFD7}.Debug|Any CPU.Build.0 = Debug|Any CPU
		{38AED2D6-EED1-45F0-93A2-FCEB6B8CFFD7}.Release|Any CPU.ActiveCfg = Release|Any CPU
		{38AED2D6-EED1-45F0-93A2-FCEB6B8CFFD7}.Release|Any CPU.Build.0 = Release|Any CPU
	EndGlobalSection
	GlobalSection(SolutionProperties) = preSolution
		HideSolutionNode = FALSE
	EndGlobalSection
	GlobalSection(ExtensibilityGlobals) = postSolution
		SolutionGuid = {8C7AD47D-2B8D-441F-A10D-0F5A3DBC9F9F}
	EndGlobalSection
EndGlobal
